
Microsoft Visual Studio Solution File, Format Version 12.00
# Visual Studio Version 17
VisualStudioVersion = 17.4.33213.308
MinimumVisualStudioVersion = 10.0.40219.1
Project("{FAE04EC0-301F-11D3-BF4B-00C04F79EFBC}") = "ConsoleApp26", "ConsoleApp26.csproj", "{880CBE01-CD6F-4FBC-A32E-59D3CFEC0265}"
EndProject
Global
	GlobalSection(SolutionConfigurationPlatforms) = preSolution
		Debug|Any CPU = Debug|Any CPU
		Release|Any CPU = Release|Any CPU
	EndGlobalSection
	GlobalSection(ProjectConfigurationPlatforms) = postSolution
		{880CBE01-CD6F-4FBC-A32E-59D3CFEC0265}.Debug|Any CPU.ActiveCfg = Debug|Any CPU
		{880CBE01-CD6F-4FBC-A32E-59D3CFEC0265}.Debug|Any CPU.Build.0 = Debug|Any CPU
		{880CBE01-CD6F-4FBC-A32E-59D3CFEC0265}.Release|Any CPU.ActiveCfg = Release|Any CPU
		{880CBE01-CD6F-4FBC-A32E-59D3CFEC0265}.Release|Any CPU.Build.0 = Release|Any CPU
	EndGlobalSection
	GlobalSection(SolutionProperties) = preSolution
		HideSolutionNode = FALSE
	EndGlobalSection
	GlobalSection(ExtensibilityGlobals) = postSolution
		SolutionGuid = {4B279457-5E05-4F9F-ADCA-65EBC9B0ACFC}
	EndGlobalSection
EndGlobal
